// !$*UTF8*$!
{
	archiveVersion = 1;
	classes = {
	};
	objectVersion = 50;
	objects = {

/* Begin PBXBuildFile section */
		794C85DF2688DB5D004F1F99 /* SwipeableCardsApp.swift in Sources */ = {isa = PBXBuildFile; fileRef = 794C85DE2688DB5D004F1F99 /* SwipeableCardsApp.swift */; };
		794C85E12688DB5D004F1F99 /* ContentView.swift in Sources */ = {isa = PBXBuildFile; fileRef = 794C85E02688DB5D004F1F99 /* ContentView.swift */; };
		794C85E32688DB5E004F1F99 /* Assets.xcassets in Resources */ = {isa = PBXBuildFile; fileRef = 794C85E22688DB5E004F1F99 /* Assets.xcassets */; };
		794C85E62688DB5E004F1F99 /* Preview Assets.xcassets in Resources */ = {isa = PBXBuildFile; fileRef = 794C85E52688DB5E004F1F99 /* Preview Assets.xcassets */; };
		794C85EF2688DB90004F1F99 /* CardView.swift in Sources */ = {isa = PBXBuildFile; fileRef = 794C85EE2688DB90004F1F99 /* CardView.swift */; };
		7962370D268D04C6007BD20C /* Extentions.swift in Sources */ = {isa = PBXBuildFile; fileRef = 7962370C268D04C6007BD20C /* Extentions.swift */; };
		79623710268E1C30007BD20C /* Colors.swift in Sources */ = {isa = PBXBuildFile; fileRef = 7962370F268E1C30007BD20C /* Colors.swift */; };
		796237132691F796007BD20C /* Data.swift in Sources */ = {isa = PBXBuildFile; fileRef = 796237122691F796007BD20C /* Data.swift */; };
/* End PBXBuildFile section */

/* Begin PBXFileReference section */
		794C85DB2688DB5D004F1F99 /* Swipeable Cards.app */ = {isa = PBXFileReference; explicitFileType = wrapper.application; includeInIndex = 0; path = "Swipeable Cards.app"; sourceTree = BUILT_PRODUCTS_DIR; };
		794C85DE2688DB5D004F1F99 /* SwipeableCardsApp.swift */ = {isa = PBXFileReference; lastKnownFileType = sourcecode.swift; path = SwipeableCardsApp.swift; sourceTree = "<group>"; };
		794C85E02688DB5D004F1F99 /* ContentView.swift */ = {isa = PBXFileReference; lastKnownFileType = sourcecode.swift; path = ContentView.swift; sourceTree = "<group>"; };
		794C85E22688DB5E004F1F99 /* Assets.xcassets */ = {isa = PBXFileReference; lastKnownFileType = folder.assetcatalog; path = Assets.xcassets; sourceTree = "<group>"; };
		794C85E52688DB5E004F1F99 /* Preview Assets.xcassets */ = {isa = PBXFileReference; lastKnownFileType = folder.assetcatalog; path = "Preview Assets.xcassets"; sourceTree = "<group>"; };
		794C85E72688DB5E004F1F99 /* Info.plist */ = {isa = PBXFileReference; lastKnownFileType = text.plist.xml; path = Info.plist; sourceTree = "<group>"; };
		794C85EE2688DB90004F1F99 /* CardView.swift */ = {isa = PBXFileReference; lastKnownFileType = sourcecode.swift; path = CardView.swift; sourceTree = "<group>"; };
		7962370C268D04C6007BD20C /* Extentions.swift */ = {isa = PBXFileReference; lastKnownFileType = sourcecode.swift; path = Extentions.swift; sourceTree = "<group>"; };
		7962370F268E1C30007BD20C /* Colors.swift */ = {isa = PBXFileReference; lastKnownFileType = sourcecode.swift; path = Colors.swift; sourceTree = "<group>"; };
		796237122691F796007BD20C /* Data.swift */ = {isa = PBXFileReference; lastKnownFileType = sourcecode.swift; path = Data.swift; sourceTree = "<group>"; };
/* End PBXFileReference section */

/* Begin PBXFrameworksBuildPhase section */
		794C85D82688DB5D004F1F99 /* Frameworks */ = {
			isa = PBXFrameworksBuildPhase;
			buildActionMask = 2147483647;
			files = (
			);
			runOnlyForDeploymentPostprocessing = 0;
		};
/* End PBXFrameworksBuildPhase section */

/* Begin PBXGroup section */
		794C85D22688DB5D004F1F99 = {
			isa = PBXGroup;
			children = (
				794C85DD2688DB5D004F1F99 /* Swipeable Cards */,
				794C85DC2688DB5D004F1F99 /* Products */,
			);
			sourceTree = "<group>";
		};
		794C85DC2688DB5D004F1F99 /* Products */ = {
			isa = PBXGroup;
			children = (
				794C85DB2688DB5D004F1F99 /* Swipeable Cards.app */,
			);
			name = Products;
			sourceTree = "<group>";
		};
		794C85DD2688DB5D004F1F99 /* Swipeable Cards */ = {
			isa = PBXGroup;
			children = (
				794C85DE2688DB5D004F1F99 /* SwipeableCardsApp.swift */,
				794C85EE2688DB90004F1F99 /* CardView.swift */,
				796237122691F796007BD20C /* Data.swift */,
				794C85E02688DB5D004F1F99 /* ContentView.swift */,
				7962370F268E1C30007BD20C /* Colors.swift */,
				7962370C268D04C6007BD20C /* Extentions.swift */,
				794C85E22688DB5E004F1F99 /* Assets.xcassets */,
				794C85E72688DB5E004F1F99 /* Info.plist */,
				794C85E42688DB5E004F1F99 /* Preview Content */,
			);
			path = "Swipeable Cards";
			sourceTree = "<group>";
		};
		794C85E42688DB5E004F1F99 /* Preview Content */ = {
			isa = PBXGroup;
			children = (
				794C85E52688DB5E004F1F99 /* Preview Assets.xcassets */,
			);
			path = "Preview Content";
			sourceTree = "<group>";
		};
/* End PBXGroup section */

/* Begin PBXNativeTarget section */
		794C85DA2688DB5D004F1F99 /* Swipeable Cards */ = {
			isa = PBXNativeTarget;
			buildConfigurationList = 794C85EA2688DB5E004F1F99 /* Build configuration list for PBXNativeTarget "Swipeable Cards" */;
			buildPhases = (
				794C85D72688DB5D004F1F99 /* Sources */,
				794C85D82688DB5D004F1F99 /* Frameworks */,
				794C85D92688DB5D004F1F99 /* Resources */,
			);
			buildRules = (
			);
			dependencies = (
			);
			name = "Swipeable Cards";
			productName = "Swipeable Cards";
			productReference = 794C85DB2688DB5D004F1F99 /* Swipeable Cards.app */;
			productType = "com.apple.product-type.application";
		};
/* End PBXNativeTarget section */

/* Begin PBXProject section */
		794C85D32688DB5D004F1F99 /* Project object */ = {
			isa = PBXProject;
			attributes = {
				LastSwiftUpdateCheck = 1240;
				LastUpgradeCheck = 1240;
				TargetAttributes = {
					794C85DA2688DB5D004F1F99 = {
						CreatedOnToolsVersion = 12.4;
					};
				};
			};
			buildConfigurationList = 794C85D62688DB5D004F1F99 /* Build configuration list for PBXProject "Swipeable Cards" */;
			compatibilityVersion = "Xcode 9.3";
			developmentRegion = en;
			hasScannedForEncodings = 0;
			knownRegions = (
				en,
				Base,
			);
			mainGroup = 794C85D22688DB5D004F1F99;
			productRefGroup = 794C85DC2688DB5D004F1F99 /* Products */;
			projectDirPath = "";
			projectRoot = "";
			targets = (
				794C85DA2688DB5D004F1F99 /* Swipeable Cards */,
			);
		};
/* End PBXProject section */

/* Begin PBXResourcesBuildPhase section */
		794C85D92688DB5D004F1F99 /* Resources */ = {
			isa = PBXResourcesBuildPhase;
			buildActionMask = 2147483647;
			files = (
				794C85E62688DB5E004F1F99 /* Preview Assets.xcassets in Resources */,
				794C85E32688DB5E004F1F99 /* Assets.xcassets in Resources */,
			);
			runOnlyForDeploymentPostprocessing = 0;
		};
/* End PBXResourcesBuildPhase section */

/* Begin PBXSourcesBuildPhase section */
		794C85D72688DB5D004F1F99 /* Sources */ = {
			isa = PBXSourcesBuildPhase;
			buildActionMask = 2147483647;
			files = (
				7962370D268D04C6007BD20C /* Extentions.swift in Sources */,
				796237132691F796007BD20C /* Data.swift in Sources */,
				79623710268E1C30007BD20C /* Colors.swift in Sources */,
				794C85E12688DB5D004F1F99 /* ContentView.swift in Sources */,
				794C85EF2688DB90004F1F99 /* CardView.swift in Sources */,
				794C85DF2688DB5D004F1F99 /* SwipeableCardsApp.swift in Sources */,
			);
			runOnlyForDeploymentPostprocessing = 0;
		};
/* End PBXSourcesBuildPhase section */

/* Begin XCBuildConfiguration section */
		794C85E82688DB5E004F1F99 /* Debug */ = {
			isa = XCBuildConfiguration;
			buildSettings = {
				ALWAYS_SEARCH_USER_PATHS = NO;
				CLANG_ANALYZER_NONNULL = YES;
				CLANG_ANALYZER_NUMBER_OBJECT_CONVERSION = YES_AGGRESSIVE;
				CLANG_CXX_LANGUAGE_STANDARD = "gnu++14";
				CLANG_CXX_LIBRARY = "libc++";
				CLANG_ENABLE_MODULES = YES;
				CLANG_ENABLE_OBJC_ARC = YES;
				CLANG_ENABLE_OBJC_WEAK = YES;
				CLANG_WARN_BLOCK_CAPTURE_AUTORELEASING = YES;
				CLANG_WARN_BOOL_CONVERSION = YES;
				CLANG_WARN_COMMA = YES;
				CLANG_WARN_CONSTANT_CONVERSION = YES;
				CLANG_WARN_DEPRECATED_OBJC_IMPLEMENTATIONS = YES;
				CLANG_WARN_DIRECT_OBJC_ISA_USAGE = YES_ERROR;
				CLANG_WARN_DOCUMENTATION_COMMENTS = YES;
				CLANG_WARN_EMPTY_BODY = YES;
				CLANG_WARN_ENUM_CONVERSION = YES;
				CLANG_WARN_INFINITE_RECURSION = YES;
				CLANG_WARN_INT_CONVERSION = YES;
				CLANG_WARN_NON_LITERAL_NULL_CONVERSION = YES;
				CLANG_WARN_OBJC_IMPLICIT_RETAIN_SELF = YES;
				CLANG_WARN_OBJC_LITERAL_CONVERSION = YES;
				CLANG_WARN_OBJC_ROOT_CLASS = YES_ERROR;
				CLANG_WARN_QUOTED_INCLUDE_IN_FRAMEWORK_HEADER = YES;
				CLANG_WARN_RANGE_LOOP_ANALYSIS = YES;
				CLANG_WARN_STRICT_PROTOTYPES = YES;
				CLANG_WARN_SUSPICIOUS_MOVE = YES;
				CLANG_WARN_UNGUARDED_AVAILABILITY = YES_AGGRESSIVE;
				CLANG_WARN_UNREACHABLE_CODE = YES;
				CLANG_WARN__DUPLICATE_METHOD_MATCH = YES;
				COPY_PHASE_STRIP = NO;
				DEBUG_INFORMATION_FORMAT = dwarf;
				ENABLE_STRICT_OBJC_MSGSEND = YES;
				ENABLE_TESTABILITY = YES;
				GCC_C_LANGUAGE_STANDARD = gnu11;
				GCC_DYNAMIC_NO_PIC = NO;
				GCC_NO_COMMON_BLOCKS = YES;
				GCC_OPTIMIZATION_LEVEL = 0;
				GCC_PREPROCESSOR_DEFINITIONS = (
					"DEBUG=1",
					"$(inherited)",
				);
				GCC_WARN_64_TO_32_BIT_CONVERSION = YES;
				GCC_WARN_ABOUT_RETURN_TYPE = YES_ERROR;
				GCC_WARN_UNDECLARED_SELECTOR = YES;
				GCC_WARN_UNINITIALIZED_AUTOS = YES_AGGRESSIVE;
				GCC_WARN_UNUSED_FUNCTION = YES;
				GCC_WARN_UNUSED_VARIABLE = YES;
				IPHONEOS_DEPLOYMENT_TARGET = 14.4;
				MTL_ENABLE_DEBUG_INFO = INCLUDE_SOURCE;
				MTL_FAST_MATH = YES;
				ONLY_ACTIVE_ARCH = YES;
				SDKROOT = iphoneos;
				SWIFT_ACTIVE_COMPILATION_CONDITIONS = DEBUG;
				SWIFT_OPTIMIZATION_LEVEL = "-Onone";
			};
			name = Debug;
		};
		794C85E92688DB5E004F1F99 /* Release */ = {
			isa = XCBuildConfiguration;
			buildSettings = {
				ALWAYS_SEARCH_USER_PATHS = NO;
				CLANG_ANALYZER_NONNULL = YES;
				CLANG_ANALYZER_NUMBER_OBJECT_CONVERSION = YES_AGGRESSIVE;
				CLANG_CXX_LANGUAGE_STANDARD = "gnu++14";
				CLANG_CXX_LIBRARY = "libc++";
				CLANG_ENABLE_MODULES = YES;
				CLANG_ENABLE_OBJC_ARC = YES;
				CLANG_ENABLE_OBJC_WEAK = YES;
				CLANG_WARN_BLOCK_CAPTURE_AUTORELEASING = YES;
				CLANG_WARN_BOOL_CONVERSION = YES;
				CLANG_WARN_COMMA = YES;
				CLANG_WARN_CONSTANT_CONVERSION = YES;
				CLANG_WARN_DEPRECATED_OBJC_IMPLEMENTATIONS = YES;
				CLANG_WARN_DIRECT_OBJC_ISA_USAGE = YES_ERROR;
				CLANG_WARN_DOCUMENTATION_COMMENTS = YES;
				CLANG_WARN_EMPTY_BODY = YES;
				CLANG_WARN_ENUM_CONVERSION = YES;
				CLANG_WARN_INFINITE_RECURSION = YES;
				CLANG_WARN_INT_CONVERSION = YES;
				CLANG_WARN_NON_LITERAL_NULL_CONVERSION = YES;
				CLANG_WARN_OBJC_IMPLICIT_RETAIN_SELF = YES;
				CLANG_WARN_OBJC_LITERAL_CONVERSION = YES;
				CLANG_WARN_OBJC_ROOT_CLASS = YES_ERROR;
				CLANG_WARN_QUOTED_INCLUDE_IN_FRAMEWORK_HEADER = YES;
				CLANG_WARN_RANGE_LOOP_ANALYSIS = YES;
				CLANG_WARN_STRICT_PROTOTYPES = YES;
				CLANG_WARN_SUSPICIOUS_MOVE = YES;
				CLANG_WARN_UNGUARDED_AVAILABILITY = YES_AGGRESSIVE;
				CLANG_WARN_UNREACHABLE_CODE = YES;
				CLANG_WARN__DUPLICATE_METHOD_MATCH = YES;
				COPY_PHASE_STRIP = NO;
				DEBUG_INFORMATION_FORMAT = "dwarf-with-dsym";
				ENABLE_NS_ASSERTIONS = NO;
				ENABLE_STRICT_OBJC_MSGSEND = YES;
				GCC_C_LANGUAGE_STANDARD = gnu11;
				GCC_NO_COMMON_BLOCKS = YES;
				GCC_WARN_64_TO_32_BIT_CONVERSION = YES;
				GCC_WARN_ABOUT_RETURN_TYPE = YES_ERROR;
				GCC_WARN_UNDECLARED_SELECTOR = YES;
				GCC_WARN_UNINITIALIZED_AUTOS = YES_AGGRESSIVE;
				GCC_WARN_UNUSED_FUNCTION = YES;
				GCC_WARN_UNUSED_VARIABLE = YES;
				IPHONEOS_DEPLOYMENT_TARGET = 14.4;
				MTL_ENABLE_DEBUG_INFO = NO;
				MTL_FAST_MATH = YES;
				SDKROOT = iphoneos;
				SWIFT_COMPILATION_MODE = wholemodule;
				SWIFT_OPTIMIZATION_LEVEL = "-O";
				VALIDATE_PRODUCT = YES;
			};
			name = Release;
		};
		794C85EB2688DB5E004F1F99 /* Debug */ = {
			isa = XCBuildConfiguration;
			buildSettings = {
				ASSETCATALOG_COMPILER_APPICON_NAME = AppIcon;
				ASSETCATALOG_COMPILER_GLOBAL_ACCENT_COLOR_NAME = AccentColor;
				CODE_SIGN_STYLE = Automatic;
				DEVELOPMENT_ASSET_PATHS = "\"Swipeable Cards/Preview Content\"";
				DEVELOPMENT_TEAM = BW62R7MWZ5;
				ENABLE_PREVIEWS = YES;
				INFOPLIST_FILE = "Swipeable Cards/Info.plist";
				IPHONEOS_DEPLOYMENT_TARGET = 14.0;
				LD_RUNPATH_SEARCH_PATHS = (
					"$(inherited)",
					"@executable_path/Frameworks",
				);
				PRODUCT_BUNDLE_IDENTIFIER = "com.volorf.Swipeable-Cards";
				PRODUCT_NAME = "$(TARGET_NAME)";
				SWIFT_VERSION = 5.0;
				TARGETED_DEVICE_FAMILY = "1,2";
			};
			name = Debug;
		};
		794C85EC2688DB5E004F1F99 /* Release */ = {
			isa = XCBuildConfiguration;
			buildSettings = {
				ASSETCATALOG_COMPILER_APPICON_NAME = AppIcon;
				ASSETCATALOG_COMPILER_GLOBAL_ACCENT_COLOR_NAME = AccentColor;
				CODE_SIGN_STYLE = Automatic;
				DEVELOPMENT_ASSET_PATHS = "\"Swipeable Cards/Preview Content\"";
				DEVELOPMENT_TEAM = BW62R7MWZ5;
				ENABLE_PREVIEWS = YES;
				INFOPLIST_FILE = "Swipeable Cards/Info.plist";
				IPHONEOS_DEPLOYMENT_TARGET = 14.0;
				LD_RUNPATH_SEARCH_PATHS = (
					"$(inherited)",
					"@executable_path/Frameworks",
				);
				PRODUCT_BUNDLE_IDENTIFIER = "com.volorf.Swipeable-Cards";
				PRODUCT_NAME = "$(TARGET_NAME)";
				SWIFT_VERSION = 5.0;
				TARGETED_DEVICE_FAMILY = "1,2";
			};
			name = Release;
		};
/* End XCBuildConfiguration section */

/* Begin XCConfigurationList section */
		794C85D62688DB5D004F1F99 /* Build configuration list for PBXProject "Swipeable Cards" */ = {
			isa = XCConfigurationList;
			buildConfigurations = (
				794C85E82688DB5E004F1F99 /* Debug */,
				794C85E92688DB5E004F1F99 /* Release */,
			);
			defaultConfigurationIsVisible = 0;
			defaultConfigurationName = Release;
		};
		794C85EA2688DB5E004F1F99 /* Build configuration list for PBXNativeTarget "Swipeable Cards" */ = {
			isa = XCConfigurationList;
			buildConfigurations = (
				794C85EB2688DB5E004F1F99 /* Debug */,
				794C85EC2688DB5E004F1F99 /* Release */,
			);
			defaultConfigurationIsVisible = 0;
			defaultConfigurationName = Release;
		};
/* End XCConfigurationList section */
	};
	rootObject = 794C85D32688DB5D004F1F99 /* Project object */;
}
